
Microsoft Visual Studio Solution File, Format Version 12.00
# Visual Studio Version 17
VisualStudioVersion = 17.8.34408.163
MinimumVisualStudioVersion = 10.0.40219.1
Project("{FAE04EC0-301F-11D3-BF4B-00C04F79EFBC}") = "TheWaterProject", "TheWaterProject\TheWaterProject.csproj", "{8A33D860-6C7A-471F-9035-56C8A413528F}"
EndProject
Global
	GlobalSection(SolutionConfigurationPlatforms) = preSolution
		Debug|Any CPU = Debug|Any CPU
		Release|Any CPU = Release|Any CPU
	EndGlobalSection
	GlobalSection(ProjectConfigurationPlatforms) = postSolution
		{8A33D860-6C7A-471F-9035-56C8A413528F}.Debug|Any CPU.ActiveCfg = Debug|Any CPU
		{8A33D860-6C7A-471F-9035-56C8A413528F}.Debug|Any CPU.Build.0 = Debug|Any CPU
		{8A33D860-6C7A-471F-9035-56C8A413528F}.Release|Any CPU.ActiveCfg = Release|Any CPU
		{8A33D860-6C7A-471F-9035-56C8A413528F}.Release|Any CPU.Build.0 = Release|Any CPU
	EndGlobalSection
	GlobalSection(SolutionProperties) = preSolution
		HideSolutionNode = FALSE
	EndGlobalSection
	GlobalSection(ExtensibilityGlobals) = postSolution
		SolutionGuid = {20960EF5-622E-4CB1-8564-CEF84B7F6535}
	EndGlobalSection
EndGlobal
